
Microsoft Visual Studio Solution File, Format Version 12.00
# Visual Studio Version 17
VisualStudioVersion = 17.5.33516.290
MinimumVisualStudioVersion = 10.0.40219.1
Project("{FAE04EC0-301F-11D3-BF4B-00C04F79EFBC}") = "ApiMobileII", "ApiMobileII\ApiMobileII.csproj", "{D6406978-D74F-477E-AB23-04FF2E718EF9}"
EndProject
Global
	GlobalSection(SolutionConfigurationPlatforms) = preSolution
		Debug|Any CPU = Debug|Any CPU
		Release|Any CPU = Release|Any CPU
	EndGlobalSection
	GlobalSection(ProjectConfigurationPlatforms) = postSolution
		{D6406978-D74F-477E-AB23-04FF2E718EF9}.Debug|Any CPU.ActiveCfg = Debug|Any CPU
		{D6406978-D74F-477E-AB23-04FF2E718EF9}.Debug|Any CPU.Build.0 = Debug|Any CPU
		{D6406978-D74F-477E-AB23-04FF2E718EF9}.Release|Any CPU.ActiveCfg = Release|Any CPU
		{D6406978-D74F-477E-AB23-04FF2E718EF9}.Release|Any CPU.Build.0 = Release|Any CPU
	EndGlobalSection
	GlobalSection(SolutionProperties) = preSolution
		HideSolutionNode = FALSE
	EndGlobalSection
	GlobalSection(ExtensibilityGlobals) = postSolution
		SolutionGuid = {448D3AE9-4945-4861-A4A6-2A98364C7F32}
	EndGlobalSection
EndGlobal
